<Solution>
  <Folder Name="/01 Web/">
    <Project Path="Web.App/Web.App.csproj" Id="9b86a46a-f755-4ee1-8dd2-460cea6f0cef" />
    <Project Path="Web.Core/Web.Core.csproj" Id="cf3d2fc5-8d0f-4aab-ab51-b96fe22534d6" />
  </Folder>
  <Folder Name="/02 Service/">
    <Project Path="Service.Api/Service.Api.csproj" Id="d197e5cf-0dea-412f-bd8e-e41708193c74" />
  </Folder>
  <Folder Name="/03 Logic/">
    <Project Path="Logic.Administration/Logic.Administration.csproj" Id="e17a01ff-a152-4982-b07f-fc51aeb8c6fe" />
    <Project Path="Logic.Import/Logic.Import.csproj" Id="e6193ab2-14f0-43cd-a21e-c403e07ce1ab" />
    <Project Path="Logic.Parsing/Logic.Parsing.csproj" Id="e2b642c8-2df2-45c4-ae8c-133b18a1f49f" />
    <Project Path="Logic.Shared/Logic.Shared.csproj" Id="c14a2818-d4c4-44c8-97fd-3cfe2637b189" />
    <Project Path="Logic.UserService/Logic.UserService.csproj" Id="b0b7db4c-97c0-4487-a8bc-eb09e25383c1" />
  </Folder>
  <Folder Name="/04 Data/">
    <Project Path="Data.Accessor/Data.Accessor.csproj" Id="80198cd0-e879-4cd4-8b34-7d77690f6e54" />
    <Project Path="Data.Database/Data.Database.csproj" Id="7fb75159-8138-48ca-ba83-74dbf8b3657a" />
  </Folder>
  <Folder Name="/05 Shared/">
    <Project Path="Shared.Enums/Shared.Enums.csproj" Id="82beaac3-7920-4967-9962-94bc65ae4daf" />
    <Project Path="Shared.Models/Shared.Models.csproj" Id="801d3ad0-ff27-4929-8c71-d241a1590d89" />
    <Project Path="Shared.Resources/Shared.Resources.csproj" Id="0ba0cfbb-b8ce-4f9c-9e2e-f9c682522b64" />
  </Folder>
  <Folder Name="/Projektmappenelemente/">
    <File Path="AGENT.md" />
  </Folder>
</Solution>
